
Microsoft Visual Studio Solution File, Format Version 12.00
# Visual Studio Version 17
VisualStudioVersion = 17.7.34031.279
MinimumVisualStudioVersion = 10.0.40219.1
Project("{9A19103F-16F7-4668-BE54-9A1E7A4F7556}") = "DBConnector.IF", "DBConnector\DBConnector.IF.csproj", "{BF794768-A66D-4643-B90F-8770B7BAAFA4}"
EndProject
Project("{FAE04EC0-301F-11D3-BF4B-00C04F79EFBC}") = "DBConnector.SQLite", "DBConnector.SQLite\DBConnector.SQLite.csproj", "{44C7CCEF-223E-476A-9AA0-6C3D2E80AEF5}"
EndProject
Global
	GlobalSection(SolutionConfigurationPlatforms) = preSolution
		Debug|Any CPU = Debug|Any CPU
		Release|Any CPU = Release|Any CPU
	EndGlobalSection
	GlobalSection(ProjectConfigurationPlatforms) = postSolution
		{BF794768-A66D-4643-B90F-8770B7BAAFA4}.Debug|Any CPU.ActiveCfg = Debug|Any CPU
		{BF794768-A66D-4643-B90F-8770B7BAAFA4}.Debug|Any CPU.Build.0 = Debug|Any CPU
		{BF794768-A66D-4643-B90F-8770B7BAAFA4}.Release|Any CPU.ActiveCfg = Release|Any CPU
		{BF794768-A66D-4643-B90F-8770B7BAAFA4}.Release|Any CPU.Build.0 = Release|Any CPU
		{44C7CCEF-223E-476A-9AA0-6C3D2E80AEF5}.Debug|Any CPU.ActiveCfg = Debug|Any CPU
		{44C7CCEF-223E-476A-9AA0-6C3D2E80AEF5}.Debug|Any CPU.Build.0 = Debug|Any CPU
		{44C7CCEF-223E-476A-9AA0-6C3D2E80AEF5}.Release|Any CPU.ActiveCfg = Release|Any CPU
		{44C7CCEF-223E-476A-9AA0-6C3D2E80AEF5}.Release|Any CPU.Build.0 = Release|Any CPU
	EndGlobalSection
	GlobalSection(SolutionProperties) = preSolution
		HideSolutionNode = FALSE
	EndGlobalSection
	GlobalSection(ExtensibilityGlobals) = postSolution
		SolutionGuid = {3C8030B5-E77C-4A97-B1C6-355808472179}
	EndGlobalSection
EndGlobal
